<?xml version="1.0" encoding="utf-8"?>
<Project ToolsVersion="4.0" xmlns="http://schemas.microsoft.com/developer/msbuild/2003">
  <ItemGroup>
    <ClCompile Include="src\ofApp.cpp">
      <Filter>src</Filter>
    </ClCompile>
    <ClCompile Include="src\main.cpp">
      <Filter>src</Filter>
    </ClCompile>
    <ClCompile Include="src\main.cpp">
      <Filter>src</Filter>
    </ClCompile>
    <ClCompile Include="src\ofApp.cpp">
      <Filter>src</Filter>
    </ClCompile>
    <ClCompile Include="..\..\..\addons\ofxAzureKinect\src\ofxAzureKinect\Device.cpp">
      <Filter>addons\ofxAzureKinect\src\ofxAzureKinect</Filter>
    </ClCompile>
  </ItemGroup>
  <ItemGroup>
    <Filter Include="src">
      <UniqueIdentifier>{d8376475-7454-4a24-b08a-aac121d3ad6f}</UniqueIdentifier>
    </Filter>
    <Filter Include="addons">
      <UniqueIdentifier>{71834F65-F3A9-211E-73B8-DC85}</UniqueIdentifier>
    </Filter>
    <Filter Include="addons\ofxAzureKinect">
      <UniqueIdentifier>{D1CD0095-639A-AA0C-2695-A77A}</UniqueIdentifier>
    </Filter>
    <Filter Include="addons\ofxAzureKinect\src">
      <UniqueIdentifier>{1D958AB7-749A-B5D4-4289-C982}</UniqueIdentifier>
    </Filter>
    <Filter Include="addons\ofxAzureKinect\src\ofxAzureKinect">
      <UniqueIdentifier>{5A177E02-2822-7F8A-3873-684D}</UniqueIdentifier>
    </Filter>
    <Filter Include="addons\ofxAzureKinect\libs">
      <UniqueIdentifier>{94F0548D-4449-5E5B-562B-E676}</UniqueIdentifier>
    </Filter>
    <Filter Include="addons\ofxAzureKinect\libs\k4a">
      <UniqueIdentifier>{B4EC35AA-F4BE-3459-8552-97E8}</UniqueIdentifier>
    </Filter>
    <Filter Include="addons\ofxAzureKinect\libs\k4a\include">
      <UniqueIdentifier>{C40FCF3D-40CA-DD35-DCF8-37B0}</UniqueIdentifier>
    </Filter>
    <Filter Include="addons\ofxAzureKinect\libs\k4a\include\k4a">
      <UniqueIdentifier>{B129499E-4A12-AEDA-5FC9-80AB}</UniqueIdentifier>
    </Filter>
    <Filter Include="addons\ofxAzureKinect\libs\turbojpeg">
      <UniqueIdentifier>{3ECE9E8D-EE7A-167B-D044-A335}</UniqueIdentifier>
    </Filter>
    <Filter Include="addons\ofxAzureKinect\libs\turbojpeg\include">
      <UniqueIdentifier>{72187D30-5AC2-D6C7-38B3-F51C}</UniqueIdentifier>
    </Filter>
  </ItemGroup>
  <ItemGroup>
    <ClInclude Include="src\ofApp.h">
      <Filter>src</Filter>
    </ClInclude>
    <ClInclude Include="src\ofApp.h">
      <Filter>src</Filter>
    </ClInclude>
    <ClInclude Include="..\..\..\addons\ofxAzureKinect\src\ofxAzureKinect\Device.h">
      <Filter>addons\ofxAzureKinect\src\ofxAzureKinect</Filter>
    </ClInclude>
    <ClInclude Include="..\..\..\addons\ofxAzureKinect\src\ofxAzureKinect.h">
      <Filter>addons\ofxAzureKinect\src</Filter>
    </ClInclude>
    <ClInclude Include="..\..\..\addons\ofxAzureKinect\libs\k4a\include\k4a\k4a.h">
      <Filter>addons\ofxAzureKinect\libs\k4a\include\k4a</Filter>
    </ClInclude>
    <ClInclude Include="..\..\..\addons\ofxAzureKinect\libs\k4a\include\k4a\k4a.hpp">
      <Filter>addons\ofxAzureKinect\libs\k4a\include\k4a</Filter>
    </ClInclude>
    <ClInclude Include="..\..\..\addons\ofxAzureKinect\libs\k4a\include\k4a\k4atypes.h">
      <Filter>addons\ofxAzureKinect\libs\k4a\include\k4a</Filter>
    </ClInclude>
    <ClInclude Include="..\..\..\addons\ofxAzureKinect\libs\k4a\include\k4a\k4aversion.h">
      <Filter>addons\ofxAzureKinect\libs\k4a\include\k4a</Filter>
    </ClInclude>
    <ClInclude Include="..\..\..\addons\ofxAzureKinect\libs\k4a\include\k4a\k4a_export.h">
      <Filter>addons\ofxAzureKinect\libs\k4a\include\k4a</Filter>
    </ClInclude>
    <ClInclude Include="..\..\..\addons\ofxAzureKinect\libs\turbojpeg\include\turbojpeg.h">
      <Filter>addons\ofxAzureKinect\libs\turbojpeg\include</Filter>
    </ClInclude>
    <ClInclude Include="..\src\ofxAzureKinect\Types.h">
      <Filter>addons\ofxAzureKinect\src\ofxAzureKinect</Filter>
    </ClInclude>
  </ItemGroup>
  <ItemGroup>
    <ResourceCompile Include="icon.rc" />
  </ItemGroup>
</Project>